Microsoft Visual Studio Solution File, Format Version 11.00
# Visual Studio 2010
Project("{8BC9CEB8-8B4A-11D0-8D11-00A0C91BC942}") = "SimpleConvolution", "SimpleConvolutionVS10.vcxproj", "{A637BA4E-07B2-483C-83AC-A526BE1BFD8E}"
	ProjectSection(ProjectDependencies) = postProject
		{721EBCD6-B0AA-48AD-A3EF-87D3EF265564} = {721EBCD6-B0AA-48AD-A3EF-87D3EF265564}
	EndProjectSection
EndProject
Project("{8BC9CEB8-8B4A-11D0-8D11-00A0C91BC942}") = "SDKUtil", "..\..\..\SDKUtil\SDKUtil.vcxproj", "{721EBCD6-B0AA-48AD-A3EF-87D3EF265564}"
EndProject
Project("{FAE04EC0-301F-11D3-BF4B-00C04F79EFBC}") = "ConvolutionTest", "..\ConvolutionTest\ConvolutionTest.csproj", "{65593B15-EDFB-4D1C-904C-19EA8CBC4187}"
EndProject
Global
	GlobalSection(SolutionConfigurationPlatforms) = preSolution
		Debug|Mixed Platforms = Debug|Mixed Platforms
		Debug|Win32 = Debug|Win32
		Debug|x64 = Debug|x64
		Debug|x86 = Debug|x86
		Release|Mixed Platforms = Release|Mixed Platforms
		Release|Win32 = Release|Win32
		Release|x64 = Release|x64
		Release|x86 = Release|x86
	EndGlobalSection
	GlobalSection(ProjectConfigurationPlatforms) = postSolution
		{A637BA4E-07B2-483C-83AC-A526BE1BFD8E}.Debug|Mixed Platforms.ActiveCfg = Debug|x64
		{A637BA4E-07B2-483C-83AC-A526BE1BFD8E}.Debug|Mixed Platforms.Build.0 = Debug|x64
		{A637BA4E-07B2-483C-83AC-A526BE1BFD8E}.Debug|Win32.ActiveCfg = Debug|Win32
		{A637BA4E-07B2-483C-83AC-A526BE1BFD8E}.Debug|Win32.Build.0 = Debug|Win32
		{A637BA4E-07B2-483C-83AC-A526BE1BFD8E}.Debug|x64.ActiveCfg = Debug|x64
		{A637BA4E-07B2-483C-83AC-A526BE1BFD8E}.Debug|x64.Build.0 = Debug|x64
		{A637BA4E-07B2-483C-83AC-A526BE1BFD8E}.Debug|x86.ActiveCfg = Debug|x64
		{A637BA4E-07B2-483C-83AC-A526BE1BFD8E}.Release|Mixed Platforms.ActiveCfg = Release|x64
		{A637BA4E-07B2-483C-83AC-A526BE1BFD8E}.Release|Mixed Platforms.Build.0 = Release|x64
		{A637BA4E-07B2-483C-83AC-A526BE1BFD8E}.Release|Win32.ActiveCfg = Release|Win32
		{A637BA4E-07B2-483C-83AC-A526BE1BFD8E}.Release|Win32.Build.0 = Release|Win32
		{A637BA4E-07B2-483C-83AC-A526BE1BFD8E}.Release|x64.ActiveCfg = Release|x64
		{A637BA4E-07B2-483C-83AC-A526BE1BFD8E}.Release|x64.Build.0 = Release|x64
		{A637BA4E-07B2-483C-83AC-A526BE1BFD8E}.Release|x86.ActiveCfg = Release|x64
		{721EBCD6-B0AA-48AD-A3EF-87D3EF265564}.Debug|Mixed Platforms.ActiveCfg = Debug|x64
		{721EBCD6-B0AA-48AD-A3EF-87D3EF265564}.Debug|Mixed Platforms.Build.0 = Debug|x64
		{721EBCD6-B0AA-48AD-A3EF-87D3EF265564}.Debug|Win32.ActiveCfg = Debug|Win32
		{721EBCD6-B0AA-48AD-A3EF-87D3EF265564}.Debug|Win32.Build.0 = Debug|Win32
		{721EBCD6-B0AA-48AD-A3EF-87D3EF265564}.Debug|x64.ActiveCfg = Debug|x64
		{721EBCD6-B0AA-48AD-A3EF-87D3EF265564}.Debug|x64.Build.0 = Debug|x64
		{721EBCD6-B0AA-48AD-A3EF-87D3EF265564}.Debug|x86.ActiveCfg = Debug|x64
		{721EBCD6-B0AA-48AD-A3EF-87D3EF265564}.Release|Mixed Platforms.ActiveCfg = Release|x64
		{721EBCD6-B0AA-48AD-A3EF-87D3EF265564}.Release|Mixed Platforms.Build.0 = Release|x64
		{721EBCD6-B0AA-48AD-A3EF-87D3EF265564}.Release|Win32.ActiveCfg = Release|Win32
		{721EBCD6-B0AA-48AD-A3EF-87D3EF265564}.Release|Win32.Build.0 = Release|Win32
		{721EBCD6-B0AA-48AD-A3EF-87D3EF265564}.Release|x64.ActiveCfg = Release|x64
		{721EBCD6-B0AA-48AD-A3EF-87D3EF265564}.Release|x64.Build.0 = Release|x64
		{721EBCD6-B0AA-48AD-A3EF-87D3EF265564}.Release|x86.ActiveCfg = Release|x64
		{65593B15-EDFB-4D1C-904C-19EA8CBC4187}.Debug|Mixed Platforms.ActiveCfg = Debug|x64
		{65593B15-EDFB-4D1C-904C-19EA8CBC4187}.Debug|Mixed Platforms.Build.0 = Debug|x64
		{65593B15-EDFB-4D1C-904C-19EA8CBC4187}.Debug|Win32.ActiveCfg = Debug|x86
		{65593B15-EDFB-4D1C-904C-19EA8CBC4187}.Debug|x64.ActiveCfg = Debug|x86
		{65593B15-EDFB-4D1C-904C-19EA8CBC4187}.Debug|x86.ActiveCfg = Debug|x86
		{65593B15-EDFB-4D1C-904C-19EA8CBC4187}.Debug|x86.Build.0 = Debug|x86
		{65593B15-EDFB-4D1C-904C-19EA8CBC4187}.Release|Mixed Platforms.ActiveCfg = Release|x86
		{65593B15-EDFB-4D1C-904C-19EA8CBC4187}.Release|Mixed Platforms.Build.0 = Release|x86
		{65593B15-EDFB-4D1C-904C-19EA8CBC4187}.Release|Win32.ActiveCfg = Release|x86
		{65593B15-EDFB-4D1C-904C-19EA8CBC4187}.Release|x64.ActiveCfg = Release|x86
		{65593B15-EDFB-4D1C-904C-19EA8CBC4187}.Release|x86.ActiveCfg = Release|x86
		{65593B15-EDFB-4D1C-904C-19EA8CBC4187}.Release|x86.Build.0 = Release|x86
	EndGlobalSection
	GlobalSection(SolutionProperties) = preSolution
		HideSolutionNode = FALSE
	EndGlobalSection
EndGlobal
